
Microsoft Visual Studio Solution File, Format Version 12.00
# Visual Studio Version 17
VisualStudioVersion = 17.10.35122.118
MinimumVisualStudioVersion = 10.0.40219.1
Project("{8BC9CEB8-8B4A-11D0-8D11-00A0C91BC942}") = "Program", "Program.vcxproj", "{3B8FB518-F0C1-4D93-BEC2-2267AB66876C}"
EndProject
Project("{8BC9CEB8-8B4A-11D0-8D11-00A0C91BC942}") = "Class1th (printf)", "..\Class1th (printf)\Class1th (printf).vcxproj", "{A10F0C9D-9CD2-42D0-A48C-6FB6B72C72AA}"
EndProject
Project("{8BC9CEB8-8B4A-11D0-8D11-00A0C91BC942}") = "Class2th (Varable & Constant)", "..\Class2th (Varable & Constant)\Class2th (Varable & Constant).vcxproj", "{57A28354-DACA-419A-AD60-3CF8AC3D58AD}"
EndProject
Project("{8BC9CEB8-8B4A-11D0-8D11-00A0C91BC942}") = "Class3th (Bit)", "..\Class3th (Bit)\Class3th (Bit).vcxproj", "{E1CDA96D-5A3F-4DAC-98EF-55326E5A8476}"
EndProject
Project("{8BC9CEB8-8B4A-11D0-8D11-00A0C91BC942}") = "Class4th", "..\Class4th\Class4th.vcxproj", "{E4C99F50-CA1F-487A-A163-9742E37D115E}"
EndProject
Project("{8BC9CEB8-8B4A-11D0-8D11-00A0C91BC942}") = "Class5th (Conditional Statement)", "..\Class5th (Conditional Statement)\Class5th (Conditional Statement).vcxproj", "{2604E149-1C96-4F4E-9A59-4AB7C9971CA8}"
EndProject
Global
	GlobalSection(SolutionConfigurationPlatforms) = preSolution
		Debug|x64 = Debug|x64
		Debug|x86 = Debug|x86
		Release|x64 = Release|x64
		Release|x86 = Release|x86
	EndGlobalSection
	GlobalSection(ProjectConfigurationPlatforms) = postSolution
		{3B8FB518-F0C1-4D93-BEC2-2267AB66876C}.Debug|x64.ActiveCfg = Debug|x64
		{3B8FB518-F0C1-4D93-BEC2-2267AB66876C}.Debug|x64.Build.0 = Debug|x64
		{3B8FB518-F0C1-4D93-BEC2-2267AB66876C}.Debug|x86.ActiveCfg = Debug|Win32
		{3B8FB518-F0C1-4D93-BEC2-2267AB66876C}.Debug|x86.Build.0 = Debug|Win32
		{3B8FB518-F0C1-4D93-BEC2-2267AB66876C}.Release|x64.ActiveCfg = Release|x64
		{3B8FB518-F0C1-4D93-BEC2-2267AB66876C}.Release|x64.Build.0 = Release|x64
		{3B8FB518-F0C1-4D93-BEC2-2267AB66876C}.Release|x86.ActiveCfg = Release|Win32
		{3B8FB518-F0C1-4D93-BEC2-2267AB66876C}.Release|x86.Build.0 = Release|Win32
		{A10F0C9D-9CD2-42D0-A48C-6FB6B72C72AA}.Debug|x64.ActiveCfg = Debug|x64
		{A10F0C9D-9CD2-42D0-A48C-6FB6B72C72AA}.Debug|x64.Build.0 = Debug|x64
		{A10F0C9D-9CD2-42D0-A48C-6FB6B72C72AA}.Debug|x86.ActiveCfg = Debug|Win32
		{A10F0C9D-9CD2-42D0-A48C-6FB6B72C72AA}.Debug|x86.Build.0 = Debug|Win32
		{A10F0C9D-9CD2-42D0-A48C-6FB6B72C72AA}.Release|x64.ActiveCfg = Release|x64
		{A10F0C9D-9CD2-42D0-A48C-6FB6B72C72AA}.Release|x64.Build.0 = Release|x64
		{A10F0C9D-9CD2-42D0-A48C-6FB6B72C72AA}.Release|x86.ActiveCfg = Release|Win32
		{A10F0C9D-9CD2-42D0-A48C-6FB6B72C72AA}.Release|x86.Build.0 = Release|Win32
		{57A28354-DACA-419A-AD60-3CF8AC3D58AD}.Debug|x64.ActiveCfg = Debug|x64
		{57A28354-DACA-419A-AD60-3CF8AC3D58AD}.Debug|x64.Build.0 = Debug|x64
		{57A28354-DACA-419A-AD60-3CF8AC3D58AD}.Debug|x86.ActiveCfg = Debug|Win32
		{57A28354-DACA-419A-AD60-3CF8AC3D58AD}.Debug|x86.Build.0 = Debug|Win32
		{57A28354-DACA-419A-AD60-3CF8AC3D58AD}.Release|x64.ActiveCfg = Release|x64
		{57A28354-DACA-419A-AD60-3CF8AC3D58AD}.Release|x64.Build.0 = Release|x64
		{57A28354-DACA-419A-AD60-3CF8AC3D58AD}.Release|x86.ActiveCfg = Release|Win32
		{57A28354-DACA-419A-AD60-3CF8AC3D58AD}.Release|x86.Build.0 = Release|Win32
		{E1CDA96D-5A3F-4DAC-98EF-55326E5A8476}.Debug|x64.ActiveCfg = Debug|x64
		{E1CDA96D-5A3F-4DAC-98EF-55326E5A8476}.Debug|x64.Build.0 = Debug|x64
		{E1CDA96D-5A3F-4DAC-98EF-55326E5A8476}.Debug|x86.ActiveCfg = Debug|Win32
		{E1CDA96D-5A3F-4DAC-98EF-55326E5A8476}.Debug|x86.Build.0 = Debug|Win32
		{E1CDA96D-5A3F-4DAC-98EF-55326E5A8476}.Release|x64.ActiveCfg = Release|x64
		{E1CDA96D-5A3F-4DAC-98EF-55326E5A8476}.Release|x64.Build.0 = Release|x64
		{E1CDA96D-5A3F-4DAC-98EF-55326E5A8476}.Release|x86.ActiveCfg = Release|Win32
		{E1CDA96D-5A3F-4DAC-98EF-55326E5A8476}.Release|x86.Build.0 = Release|Win32
		{E4C99F50-CA1F-487A-A163-9742E37D115E}.Debug|x64.ActiveCfg = Debug|x64
		{E4C99F50-CA1F-487A-A163-9742E37D115E}.Debug|x64.Build.0 = Debug|x64
		{E4C99F50-CA1F-487A-A163-9742E37D115E}.Debug|x86.ActiveCfg = Debug|Win32
		{E4C99F50-CA1F-487A-A163-9742E37D115E}.Debug|x86.Build.0 = Debug|Win32
		{E4C99F50-CA1F-487A-A163-9742E37D115E}.Release|x64.ActiveCfg = Release|x64
		{E4C99F50-CA1F-487A-A163-9742E37D115E}.Release|x64.Build.0 = Release|x64
		{E4C99F50-CA1F-487A-A163-9742E37D115E}.Release|x86.ActiveCfg = Release|Win32
		{E4C99F50-CA1F-487A-A163-9742E37D115E}.Release|x86.Build.0 = Release|Win32
		{2604E149-1C96-4F4E-9A59-4AB7C9971CA8}.Debug|x64.ActiveCfg = Debug|x64
		{2604E149-1C96-4F4E-9A59-4AB7C9971CA8}.Debug|x64.Build.0 = Debug|x64
		{2604E149-1C96-4F4E-9A59-4AB7C9971CA8}.Debug|x86.ActiveCfg = Debug|Win32
		{2604E149-1C96-4F4E-9A59-4AB7C9971CA8}.Debug|x86.Build.0 = Debug|Win32
		{2604E149-1C96-4F4E-9A59-4AB7C9971CA8}.Release|x64.ActiveCfg = Release|x64
		{2604E149-1C96-4F4E-9A59-4AB7C9971CA8}.Release|x64.Build.0 = Release|x64
		{2604E149-1C96-4F4E-9A59-4AB7C9971CA8}.Release|x86.ActiveCfg = Release|Win32
		{2604E149-1C96-4F4E-9A59-4AB7C9971CA8}.Release|x86.Build.0 = Release|Win32
	EndGlobalSection
	GlobalSection(SolutionProperties) = preSolution
		HideSolutionNode = FALSE
	EndGlobalSection
	GlobalSection(ExtensibilityGlobals) = postSolution
		SolutionGuid = {B791328C-38F9-432D-842B-967D73A55158}
	EndGlobalSection
EndGlobal
